
Microsoft Visual Studio Solution File, Format Version 12.00
# Visual Studio Version 17
VisualStudioVersion = 17.4.33122.133
MinimumVisualStudioVersion = 10.0.40219.1
Project("{FAE04EC0-301F-11D3-BF4B-00C04F79EFBC}") = "deliverable1_helloworld", "deliverable1_helloworld\deliverable1_helloworld.csproj", "{A8D294E7-38ED-4AAD-A8CA-CD06CD25C96F}"
EndProject
Global
	GlobalSection(SolutionConfigurationPlatforms) = preSolution
		Debug|Any CPU = Debug|Any CPU
		Release|Any CPU = Release|Any CPU
	EndGlobalSection
	GlobalSection(ProjectConfigurationPlatforms) = postSolution
		{A8D294E7-38ED-4AAD-A8CA-CD06CD25C96F}.Debug|Any CPU.ActiveCfg = Debug|Any CPU
		{A8D294E7-38ED-4AAD-A8CA-CD06CD25C96F}.Debug|Any CPU.Build.0 = Debug|Any CPU
		{A8D294E7-38ED-4AAD-A8CA-CD06CD25C96F}.Release|Any CPU.ActiveCfg = Release|Any CPU
		{A8D294E7-38ED-4AAD-A8CA-CD06CD25C96F}.Release|Any CPU.Build.0 = Release|Any CPU
	EndGlobalSection
	GlobalSection(SolutionProperties) = preSolution
		HideSolutionNode = FALSE
	EndGlobalSection
	GlobalSection(ExtensibilityGlobals) = postSolution
		SolutionGuid = {CCC9BBF4-FC96-461F-800E-2395EBB8D3E2}
	EndGlobalSection
EndGlobal
